
Microsoft Visual Studio Solution File, Format Version 12.00
# Visual Studio Version 16
VisualStudioVersion = 16.0.31702.278
MinimumVisualStudioVersion = 10.0.40219.1
Project("{9A19103F-16F7-4668-BE54-9A1E7A4F7556}") = "HiddenVilla_Server", "HiddenVilla_Server\HiddenVilla_Server.csproj", "{9E07D556-0BAE-4BD1-A14E-41089C07F105}"
EndProject
Global
	GlobalSection(SolutionConfigurationPlatforms) = preSolution
		Debug|Any CPU = Debug|Any CPU
		Release|Any CPU = Release|Any CPU
	EndGlobalSection
	GlobalSection(ProjectConfigurationPlatforms) = postSolution
		{9E07D556-0BAE-4BD1-A14E-41089C07F105}.Debug|Any CPU.ActiveCfg = Debug|Any CPU
		{9E07D556-0BAE-4BD1-A14E-41089C07F105}.Debug|Any CPU.Build.0 = Debug|Any CPU
		{9E07D556-0BAE-4BD1-A14E-41089C07F105}.Release|Any CPU.ActiveCfg = Release|Any CPU
		{9E07D556-0BAE-4BD1-A14E-41089C07F105}.Release|Any CPU.Build.0 = Release|Any CPU
	EndGlobalSection
	GlobalSection(SolutionProperties) = preSolution
		HideSolutionNode = FALSE
	EndGlobalSection
	GlobalSection(ExtensibilityGlobals) = postSolution
		SolutionGuid = {1E265E3F-C673-4E8D-A333-2020C467F9ED}
	EndGlobalSection
EndGlobal
